// !$*UTF8*$!
{
	archiveVersion = 1;
	classes = {
	};
	objectVersion = 46;
	objects = {

/* Begin PBXBuildFile section */
		0519E079770201497A6C8234 /* Pods_RTSPSVP.framework in Frameworks */ = {isa = PBXBuildFile; fileRef = E44AB5CB447FE83A86FDC275 /* Pods_RTSPSVP.framework */; };
		CB3325651D1C0E1200B86D8B /* AppDelegate.swift in Sources */ = {isa = PBXBuildFile; fileRef = CB3325641D1C0E1200B86D8B /* AppDelegate.swift */; };
		CB3325671D1C0E1200B86D8B /* ViewController.swift in Sources */ = {isa = PBXBuildFile; fileRef = CB3325661D1C0E1200B86D8B /* ViewController.swift */; };
		CB33256A1D1C0E1200B86D8B /* Main.storyboard in Resources */ = {isa = PBXBuildFile; fileRef = CB3325681D1C0E1200B86D8B /* Main.storyboard */; };
		CB33256C1D1C0E1200B86D8B /* Assets.xcassets in Resources */ = {isa = PBXBuildFile; fileRef = CB33256B1D1C0E1200B86D8B /* Assets.xcassets */; };
		CB33256F1D1C0E1200B86D8B /* LaunchScreen.storyboard in Resources */ = {isa = PBXBuildFile; fileRef = CB33256D1D1C0E1200B86D8B /* LaunchScreen.storyboard */; };
		CB33257A1D1C0E1200B86D8B /* RTSPSVPTests.swift in Sources */ = {isa = PBXBuildFile; fileRef = CB3325791D1C0E1200B86D8B /* RTSPSVPTests.swift */; };
/* End PBXBuildFile section */

/* Begin PBXContainerItemProxy section */
		CB3325761D1C0E1200B86D8B /* PBXContainerItemProxy */ = {
			isa = PBXContainerItemProxy;
			containerPortal = CB3325591D1C0E1200B86D8B /* Project object */;
			proxyType = 1;
			remoteGlobalIDString = CB3325601D1C0E1200B86D8B;
			remoteInfo = RTSPSVP;
		};
/* End PBXContainerItemProxy section */

/* Begin PBXFileReference section */
		0A796900FE0432E79F6B7547 /* Pods-RTSPSVP.release.xcconfig */ = {isa = PBXFileReference; includeInIndex = 1; lastKnownFileType = text.xcconfig; name = "Pods-RTSPSVP.release.xcconfig"; path = "Pods/Target Support Files/Pods-RTSPSVP/Pods-RTSPSVP.release.xcconfig"; sourceTree = "<group>"; };
		B992511572AC0E3BFDC40FED /* Pods-RTSPSVP.debug.xcconfig */ = {isa = PBXFileReference; includeInIndex = 1; lastKnownFileType = text.xcconfig; name = "Pods-RTSPSVP.debug.xcconfig"; path = "Pods/Target Support Files/Pods-RTSPSVP/Pods-RTSPSVP.debug.xcconfig"; sourceTree = "<group>"; };
		CB3325611D1C0E1200B86D8B /* RTSPSVP.app */ = {isa = PBXFileReference; explicitFileType = wrapper.application; includeInIndex = 0; path = RTSPSVP.app; sourceTree = BUILT_PRODUCTS_DIR; };
		CB3325641D1C0E1200B86D8B /* AppDelegate.swift */ = {isa = PBXFileReference; lastKnownFileType = sourcecode.swift; path = AppDelegate.swift; sourceTree = "<group>"; };
		CB3325661D1C0E1200B86D8B /* ViewController.swift */ = {isa = PBXFileReference; lastKnownFileType = sourcecode.swift; path = ViewController.swift; sourceTree = "<group>"; };
		CB3325691D1C0E1200B86D8B /* Base */ = {isa = PBXFileReference; lastKnownFileType = file.storyboard; name = Base; path = Base.lproj/Main.storyboard; sourceTree = "<group>"; };
		CB33256B1D1C0E1200B86D8B /* Assets.xcassets */ = {isa = PBXFileReference; lastKnownFileType = folder.assetcatalog; path = Assets.xcassets; sourceTree = "<group>"; };
		CB33256E1D1C0E1200B86D8B /* Base */ = {isa = PBXFileReference; lastKnownFileType = file.storyboard; name = Base; path = Base.lproj/LaunchScreen.storyboard; sourceTree = "<group>"; };
		CB3325701D1C0E1200B86D8B /* Info.plist */ = {isa = PBXFileReference; lastKnownFileType = text.plist.xml; path = Info.plist; sourceTree = "<group>"; };
		CB3325751D1C0E1200B86D8B /* RTSPSVPTests.xctest */ = {isa = PBXFileReference; explicitFileType = wrapper.cfbundle; includeInIndex = 0; path = RTSPSVPTests.xctest; sourceTree = BUILT_PRODUCTS_DIR; };
		CB3325791D1C0E1200B86D8B /* RTSPSVPTests.swift */ = {isa = PBXFileReference; lastKnownFileType = sourcecode.swift; path = RTSPSVPTests.swift; sourceTree = "<group>"; };
		CB33257B1D1C0E1200B86D8B /* Info.plist */ = {isa = PBXFileReference; lastKnownFileType = text.plist.xml; path = Info.plist; sourceTree = "<group>"; };
		CBCF83611D1C1C54008CE7A8 /* RTSPSVP-Bridging-Header.h */ = {isa = PBXFileReference; lastKnownFileType = sourcecode.c.h; path = "RTSPSVP-Bridging-Header.h"; sourceTree = "<group>"; };
		E44AB5CB447FE83A86FDC275 /* Pods_RTSPSVP.framework */ = {isa = PBXFileReference; explicitFileType = wrapper.framework; includeInIndex = 0; path = Pods_RTSPSVP.framework; sourceTree = BUILT_PRODUCTS_DIR; };
/* End PBXFileReference section */

/* Begin PBXFrameworksBuildPhase section */
		CB33255E1D1C0E1200B86D8B /* Frameworks */ = {
			isa = PBXFrameworksBuildPhase;
			buildActionMask = 2147483647;
			files = (
				0519E079770201497A6C8234 /* Pods_RTSPSVP.framework in Frameworks */,
			);
			runOnlyForDeploymentPostprocessing = 0;
		};
		CB3325721D1C0E1200B86D8B /* Frameworks */ = {
			isa = PBXFrameworksBuildPhase;
			buildActionMask = 2147483647;
			files = (
			);
			runOnlyForDeploymentPostprocessing = 0;
		};
/* End PBXFrameworksBuildPhase section */

/* Begin PBXGroup section */
		2464BD70E7663661B6D8151B /* Pods */ = {
			isa = PBXGroup;
			children = (
				B992511572AC0E3BFDC40FED /* Pods-RTSPSVP.debug.xcconfig */,
				0A796900FE0432E79F6B7547 /* Pods-RTSPSVP.release.xcconfig */,
			);
			name = Pods;
			sourceTree = "<group>";
		};
		4D9E12D9D5824D6B292E684D /* Frameworks */ = {
			isa = PBXGroup;
			children = (
				E44AB5CB447FE83A86FDC275 /* Pods_RTSPSVP.framework */,
			);
			name = Frameworks;
			sourceTree = "<group>";
		};
		CB3325581D1C0E1200B86D8B = {
			isa = PBXGroup;
			children = (
				CB3325631D1C0E1200B86D8B /* RTSPSVP */,
				CB3325781D1C0E1200B86D8B /* RTSPSVPTests */,
				CB3325621D1C0E1200B86D8B /* Products */,
				2464BD70E7663661B6D8151B /* Pods */,
				4D9E12D9D5824D6B292E684D /* Frameworks */,
			);
			sourceTree = "<group>";
		};
		CB3325621D1C0E1200B86D8B /* Products */ = {
			isa = PBXGroup;
			children = (
				CB3325611D1C0E1200B86D8B /* RTSPSVP.app */,
				CB3325751D1C0E1200B86D8B /* RTSPSVPTests.xctest */,
			);
			name = Products;
			sourceTree = "<group>";
		};
		CB3325631D1C0E1200B86D8B /* RTSPSVP */ = {
			isa = PBXGroup;
			children = (
				CB3325641D1C0E1200B86D8B /* AppDelegate.swift */,
				CB3325661D1C0E1200B86D8B /* ViewController.swift */,
				CB3325681D1C0E1200B86D8B /* Main.storyboard */,
				CB33256B1D1C0E1200B86D8B /* Assets.xcassets */,
				CB33256D1D1C0E1200B86D8B /* LaunchScreen.storyboard */,
				CB3325701D1C0E1200B86D8B /* Info.plist */,
				CBCF83611D1C1C54008CE7A8 /* RTSPSVP-Bridging-Header.h */,
			);
			path = RTSPSVP;
			sourceTree = "<group>";
		};
		CB3325781D1C0E1200B86D8B /* RTSPSVPTests */ = {
			isa = PBXGroup;
			children = (
				CB3325791D1C0E1200B86D8B /* RTSPSVPTests.swift */,
				CB33257B1D1C0E1200B86D8B /* Info.plist */,
			);
			path = RTSPSVPTests;
			sourceTree = "<group>";
		};
/* End PBXGroup section */

/* Begin PBXNativeTarget section */
		CB3325601D1C0E1200B86D8B /* RTSPSVP */ = {
			isa = PBXNativeTarget;
			buildConfigurationList = CB33257E1D1C0E1200B86D8B /* Build configuration list for PBXNativeTarget "RTSPSVP" */;
			buildPhases = (
				37986BABBAE310FE4EBBAA86 /* [CP] Check Pods Manifest.lock */,
				CB33255D1D1C0E1200B86D8B /* Sources */,
				CB33255E1D1C0E1200B86D8B /* Frameworks */,
				CB33255F1D1C0E1200B86D8B /* Resources */,
				9726AEDDE054378F16E0E55A /* [CP] Embed Pods Frameworks */,
				A5A888BFBEECEC8C1F4AC3A6 /* [CP] Copy Pods Resources */,
			);
			buildRules = (
			);
			dependencies = (
			);
			name = RTSPSVP;
			productName = RTSPSVP;
			productReference = CB3325611D1C0E1200B86D8B /* RTSPSVP.app */;
			productType = "com.apple.product-type.application";
		};
		CB3325741D1C0E1200B86D8B /* RTSPSVPTests */ = {
			isa = PBXNativeTarget;
			buildConfigurationList = CB3325811D1C0E1200B86D8B /* Build configuration list for PBXNativeTarget "RTSPSVPTests" */;
			buildPhases = (
				CB3325711D1C0E1200B86D8B /* Sources */,
				CB3325721D1C0E1200B86D8B /* Frameworks */,
				CB3325731D1C0E1200B86D8B /* Resources */,
			);
			buildRules = (
			);
			dependencies = (
				CB3325771D1C0E1200B86D8B /* PBXTargetDependency */,
			);
			name = RTSPSVPTests;
			productName = RTSPSVPTests;
			productReference = CB3325751D1C0E1200B86D8B /* RTSPSVPTests.xctest */;
			productType = "com.apple.product-type.bundle.unit-test";
		};
/* End PBXNativeTarget section */

/* Begin PBXProject section */
		CB3325591D1C0E1200B86D8B /* Project object */ = {
			isa = PBXProject;
			attributes = {
				LastSwiftUpdateCheck = 0730;
				LastUpgradeCheck = 0730;
				ORGANIZATIONNAME = "Deutsche Telekom AG";
				TargetAttributes = {
					CB3325601D1C0E1200B86D8B = {
						CreatedOnToolsVersion = 7.3.1;
						DevelopmentTeam = M3DTZN9V9B;
						DevelopmentTeamName = "Alexander von Below";
					};
					CB3325741D1C0E1200B86D8B = {
						CreatedOnToolsVersion = 7.3.1;
						TestTargetID = CB3325601D1C0E1200B86D8B;
					};
				};
			};
			buildConfigurationList = CB33255C1D1C0E1200B86D8B /* Build configuration list for PBXProject "RTSPSVP" */;
			compatibilityVersion = "Xcode 3.2";
			developmentRegion = English;
			hasScannedForEncodings = 0;
			knownRegions = (
				en,
				Base,
			);
			mainGroup = CB3325581D1C0E1200B86D8B;
			productRefGroup = CB3325621D1C0E1200B86D8B /* Products */;
			projectDirPath = "";
			projectRoot = "";
			targets = (
				CB3325601D1C0E1200B86D8B /* RTSPSVP */,
				CB3325741D1C0E1200B86D8B /* RTSPSVPTests */,
			);
		};
/* End PBXProject section */

/* Begin PBXResourcesBuildPhase section */
		CB33255F1D1C0E1200B86D8B /* Resources */ = {
			isa = PBXResourcesBuildPhase;
			buildActionMask = 2147483647;
			files = (
				CB33256F1D1C0E1200B86D8B /* LaunchScreen.storyboard in Resources */,
				CB33256C1D1C0E1200B86D8B /* Assets.xcassets in Resources */,
				CB33256A1D1C0E1200B86D8B /* Main.storyboard in Resources */,
			);
			runOnlyForDeploymentPostprocessing = 0;
		};
		CB3325731D1C0E1200B86D8B /* Resources */ = {
			isa = PBXResourcesBuildPhase;
			buildActionMask = 2147483647;
			files = (
			);
			runOnlyForDeploymentPostprocessing = 0;
		};
/* End PBXResourcesBuildPhase section */

/* Begin PBXShellScriptBuildPhase section */
		37986BABBAE310FE4EBBAA86 /* [CP] Check Pods Manifest.lock */ = {
			isa = PBXShellScriptBuildPhase;
			buildActionMask = 2147483647;
			files = (
			);
			inputPaths = (
			);
			name = "[CP] Check Pods Manifest.lock";
			outputPaths = (
			);
			runOnlyForDeploymentPostprocessing = 0;
			shellPath = /bin/sh;
			shellScript = "diff \"${PODS_ROOT}/../Podfile.lock\" \"${PODS_ROOT}/Manifest.lock\" > /dev/null\nif [[ $? != 0 ]] ; then\n    cat << EOM\nerror: The sandbox is not in sync with the Podfile.lock. Run 'pod install' or update your CocoaPods installation.\nEOM\n    exit 1\nfi\n";
			showEnvVarsInLog = 0;
		};
		9726AEDDE054378F16E0E55A /* [CP] Embed Pods Frameworks */ = {
			isa = PBXShellScriptBuildPhase;
			buildActionMask = 2147483647;
			files = (
			);
			inputPaths = (
			);
			name = "[CP] Embed Pods Frameworks";
			outputPaths = (
			);
			runOnlyForDeploymentPostprocessing = 0;
			shellPath = /bin/sh;
			shellScript = "\"${SRCROOT}/Pods/Target Support Files/Pods-RTSPSVP/Pods-RTSPSVP-frameworks.sh\"\n";
			showEnvVarsInLog = 0;
		};
		A5A888BFBEECEC8C1F4AC3A6 /* [CP] Copy Pods Resources */ = {
			isa = PBXShellScriptBuildPhase;
			buildActionMask = 2147483647;
			files = (
			);
			inputPaths = (
			);
			name = "[CP] Copy Pods Resources";
			outputPaths = (
			);
			runOnlyForDeploymentPostprocessing = 0;
			shellPath = /bin/sh;
			shellScript = "\"${SRCROOT}/Pods/Target Support Files/Pods-RTSPSVP/Pods-RTSPSVP-resources.sh\"\n";
			showEnvVarsInLog = 0;
		};
/* End PBXShellScriptBuildPhase section */

/* Begin PBXSourcesBuildPhase section */
		CB33255D1D1C0E1200B86D8B /* Sources */ = {
			isa = PBXSourcesBuildPhase;
			buildActionMask = 2147483647;
			files = (
				CB3325671D1C0E1200B86D8B /* ViewController.swift in Sources */,
				CB3325651D1C0E1200B86D8B /* AppDelegate.swift in Sources */,
			);
			runOnlyForDeploymentPostprocessing = 0;
		};
		CB3325711D1C0E1200B86D8B /* Sources */ = {
			isa = PBXSourcesBuildPhase;
			buildActionMask = 2147483647;
			files = (
				CB33257A1D1C0E1200B86D8B /* RTSPSVPTests.swift in Sources */,
			);
			runOnlyForDeploymentPostprocessing = 0;
		};
/* End PBXSourcesBuildPhase section */

/* Begin PBXTargetDependency section */
		CB3325771D1C0E1200B86D8B /* PBXTargetDependency */ = {
			isa = PBXTargetDependency;
			target = CB3325601D1C0E1200B86D8B /* RTSPSVP */;
			targetProxy = CB3325761D1C0E1200B86D8B /* PBXContainerItemProxy */;
		};
/* End PBXTargetDependency section */

/* Begin PBXVariantGroup section */
		CB3325681D1C0E1200B86D8B /* Main.storyboard */ = {
			isa = PBXVariantGroup;
			children = (
				CB3325691D1C0E1200B86D8B /* Base */,
			);
			name = Main.storyboard;
			sourceTree = "<group>";
		};
		CB33256D1D1C0E1200B86D8B /* LaunchScreen.storyboard */ = {
			isa = PBXVariantGroup;
			children = (
				CB33256E1D1C0E1200B86D8B /* Base */,
			);
			name = LaunchScreen.storyboard;
			sourceTree = "<group>";
		};
/* End PBXVariantGroup section */

/* Begin XCBuildConfiguration section */
		CB33257C1D1C0E1200B86D8B /* Debug */ = {
			isa = XCBuildConfiguration;
			buildSettings = {
				ALWAYS_SEARCH_USER_PATHS = NO;
				CLANG_ANALYZER_NONNULL = YES;
				CLANG_CXX_LANGUAGE_STANDARD = "gnu++0x";
				CLANG_CXX_LIBRARY = "libc++";
				CLANG_ENABLE_MODULES = YES;
				CLANG_ENABLE_OBJC_ARC = YES;
				CLANG_WARN_BOOL_CONVERSION = YES;
				CLANG_WARN_CONSTANT_CONVERSION = YES;
				CLANG_WARN_DIRECT_OBJC_ISA_USAGE = YES_ERROR;
				CLANG_WARN_EMPTY_BODY = YES;
				CLANG_WARN_ENUM_CONVERSION = YES;
				CLANG_WARN_INT_CONVERSION = YES;
				CLANG_WARN_OBJC_ROOT_CLASS = YES_ERROR;
				CLANG_WARN_UNREACHABLE_CODE = YES;
				CLANG_WARN__DUPLICATE_METHOD_MATCH = YES;
				"CODE_SIGN_IDENTITY[sdk=iphoneos*]" = "iPhone Developer";
				COPY_PHASE_STRIP = NO;
				DEBUG_INFORMATION_FORMAT = dwarf;
				ENABLE_STRICT_OBJC_MSGSEND = YES;
				ENABLE_TESTABILITY = YES;
				GCC_C_LANGUAGE_STANDARD = gnu99;
				GCC_DYNAMIC_NO_PIC = NO;
				GCC_NO_COMMON_BLOCKS = YES;
				GCC_OPTIMIZATION_LEVEL = 0;
				GCC_PREPROCESSOR_DEFINITIONS = (
					"DEBUG=1",
					"$(inherited)",
				);
				GCC_WARN_64_TO_32_BIT_CONVERSION = YES;
				GCC_WARN_ABOUT_RETURN_TYPE = YES_ERROR;
				GCC_WARN_UNDECLARED_SELECTOR = YES;
				GCC_WARN_UNINITIALIZED_AUTOS = YES_AGGRESSIVE;
				GCC_WARN_UNUSED_FUNCTION = YES;
				GCC_WARN_UNUSED_VARIABLE = YES;
				IPHONEOS_DEPLOYMENT_TARGET = 9.3;
				MTL_ENABLE_DEBUG_INFO = YES;
				ONLY_ACTIVE_ARCH = YES;
				SDKROOT = iphoneos;
				SWIFT_OPTIMIZATION_LEVEL = "-Onone";
				TARGETED_DEVICE_FAMILY = "1,2";
			};
			name = Debug;
		};
		CB33257D1D1C0E1200B86D8B /* Release */ = {
			isa = XCBuildConfiguration;
			buildSettings = {
				ALWAYS_SEARCH_USER_PATHS = NO;
				CLANG_ANALYZER_NONNULL = YES;
				CLANG_CXX_LANGUAGE_STANDARD = "gnu++0x";
				CLANG_CXX_LIBRARY = "libc++";
				CLANG_ENABLE_MODULES = YES;
				CLANG_ENABLE_OBJC_ARC = YES;
				CLANG_WARN_BOOL_CONVERSION = YES;
				CLANG_WARN_CONSTANT_CONVERSION = YES;
				CLANG_WARN_DIRECT_OBJC_ISA_USAGE = YES_ERROR;
				CLANG_WARN_EMPTY_BODY = YES;
				CLANG_WARN_ENUM_CONVERSION = YES;
				CLANG_WARN_INT_CONVERSION = YES;
				CLANG_WARN_OBJC_ROOT_CLASS = YES_ERROR;
				CLANG_WARN_UNREACHABLE_CODE = YES;
				CLANG_WARN__DUPLICATE_METHOD_MATCH = YES;
				"CODE_SIGN_IDENTITY[sdk=iphoneos*]" = "iPhone Developer";
				COPY_PHASE_STRIP = NO;
				DEBUG_INFORMATION_FORMAT = "dwarf-with-dsym";
				ENABLE_NS_ASSERTIONS = NO;
				ENABLE_STRICT_OBJC_MSGSEND = YES;
				GCC_C_LANGUAGE_STANDARD = gnu99;
				GCC_NO_COMMON_BLOCKS = YES;
				GCC_WARN_64_TO_32_BIT_CONVERSION = YES;
				GCC_WARN_ABOUT_RETURN_TYPE = YES_ERROR;
				GCC_WARN_UNDECLARED_SELECTOR = YES;
				GCC_WARN_UNINITIALIZED_AUTOS = YES_AGGRESSIVE;
				GCC_WARN_UNUSED_FUNCTION = YES;
				GCC_WARN_UNUSED_VARIABLE = YES;
				IPHONEOS_DEPLOYMENT_TARGET = 9.3;
				MTL_ENABLE_DEBUG_INFO = NO;
				SDKROOT = iphoneos;
				TARGETED_DEVICE_FAMILY = "1,2";
				VALIDATE_PRODUCT = YES;
			};
			name = Release;
		};
		CB33257F1D1C0E1200B86D8B /* Debug */ = {
			isa = XCBuildConfiguration;
			baseConfigurationReference = B992511572AC0E3BFDC40FED /* Pods-RTSPSVP.debug.xcconfig */;
			buildSettings = {
				ASSETCATALOG_COMPILER_APPICON_NAME = AppIcon;
				CLANG_ENABLE_MODULES = YES;
				ENABLE_BITCODE = NO;
				INFOPLIST_FILE = RTSPSVP/Info.plist;
				LD_RUNPATH_SEARCH_PATHS = "$(inherited) @executable_path/Frameworks";
				PRODUCT_BUNDLE_IDENTIFIER = de.telekom.RTSPSVP;
				PRODUCT_NAME = "$(TARGET_NAME)";
				SWIFT_OBJC_BRIDGING_HEADER = "RTSPSVP/RTSPSVP-Bridging-Header.h";
				SWIFT_OPTIMIZATION_LEVEL = "-Onone";
			};
			name = Debug;
		};
		CB3325801D1C0E1200B86D8B /* Release */ = {
			isa = XCBuildConfiguration;
			baseConfigurationReference = 0A796900FE0432E79F6B7547 /* Pods-RTSPSVP.release.xcconfig */;
			buildSettings = {
				ASSETCATALOG_COMPILER_APPICON_NAME = AppIcon;
				CLANG_ENABLE_MODULES = YES;
				ENABLE_BITCODE = NO;
				INFOPLIST_FILE = RTSPSVP/Info.plist;
				LD_RUNPATH_SEARCH_PATHS = "$(inherited) @executable_path/Frameworks";
				PRODUCT_BUNDLE_IDENTIFIER = de.telekom.RTSPSVP;
				PRODUCT_NAME = "$(TARGET_NAME)";
				SWIFT_OBJC_BRIDGING_HEADER = "RTSPSVP/RTSPSVP-Bridging-Header.h";
			};
			name = Release;
		};
		CB3325821D1C0E1200B86D8B /* Debug */ = {
			isa = XCBuildConfiguration;
			buildSettings = {
				BUNDLE_LOADER = "$(TEST_HOST)";
				INFOPLIST_FILE = RTSPSVPTests/Info.plist;
				LD_RUNPATH_SEARCH_PATHS = "$(inherited) @executable_path/Frameworks @loader_path/Frameworks";
				PRODUCT_BUNDLE_IDENTIFIER = de.telekom.RTSPSVPTests;
				PRODUCT_NAME = "$(TARGET_NAME)";
				TEST_HOST = "$(BUILT_PRODUCTS_DIR)/RTSPSVP.app/RTSPSVP";
			};
			name = Debug;
		};
		CB3325831D1C0E1200B86D8B /* Release */ = {
			isa = XCBuildConfiguration;
			buildSettings = {
				BUNDLE_LOADER = "$(TEST_HOST)";
				INFOPLIST_FILE = RTSPSVPTests/Info.plist;
				LD_RUNPATH_SEARCH_PATHS = "$(inherited) @executable_path/Frameworks @loader_path/Frameworks";
				PRODUCT_BUNDLE_IDENTIFIER = de.telekom.RTSPSVPTests;
				PRODUCT_NAME = "$(TARGET_NAME)";
				TEST_HOST = "$(BUILT_PRODUCTS_DIR)/RTSPSVP.app/RTSPSVP";
			};
			name = Release;
		};
/* End XCBuildConfiguration section */

/* Begin XCConfigurationList section */
		CB33255C1D1C0E1200B86D8B /* Build configuration list for PBXProject "RTSPSVP" */ = {
			isa = XCConfigurationList;
			buildConfigurations = (
				CB33257C1D1C0E1200B86D8B /* Debug */,
				CB33257D1D1C0E1200B86D8B /* Release */,
			);
			defaultConfigurationIsVisible = 0;
			defaultConfigurationName = Release;
		};
		CB33257E1D1C0E1200B86D8B /* Build configuration list for PBXNativeTarget "RTSPSVP" */ = {
			isa = XCConfigurationList;
			buildConfigurations = (
				CB33257F1D1C0E1200B86D8B /* Debug */,
				CB3325801D1C0E1200B86D8B /* Release */,
			);
			defaultConfigurationIsVisible = 0;
			defaultConfigurationName = Release;
		};
		CB3325811D1C0E1200B86D8B /* Build configuration list for PBXNativeTarget "RTSPSVPTests" */ = {
			isa = XCConfigurationList;
			buildConfigurations = (
				CB3325821D1C0E1200B86D8B /* Debug */,
				CB3325831D1C0E1200B86D8B /* Release */,
			);
			defaultConfigurationIsVisible = 0;
			defaultConfigurationName = Release;
		};
/* End XCConfigurationList section */
	};
	rootObject = CB3325591D1C0E1200B86D8B /* Project object */;
}
